// !$*UTF8*$!
{
	archiveVersion = 1;
	classes = {
	};
	objectVersion = 56;
	objects = {

/* Begin PBXBuildFile section */
		1E0E2E672A9AFFDA0046D6B9 /* CategoryHome.swift in Sources */ = {isa = PBXBuildFile; fileRef = 1E0E2E662A9AFFDA0046D6B9 /* CategoryHome.swift */; };
		1E12CD0C2A87EFD10016B8A0 /* LandmarksApp.swift in Sources */ = {isa = PBXBuildFile; fileRef = 1E12CD0B2A87EFD10016B8A0 /* LandmarksApp.swift */; };
		1E12CD0E2A87EFD10016B8A0 /* ContentView.swift in Sources */ = {isa = PBXBuildFile; fileRef = 1E12CD0D2A87EFD10016B8A0 /* ContentView.swift */; };
		1E12CD102A87EFD30016B8A0 /* Assets.xcassets in Resources */ = {isa = PBXBuildFile; fileRef = 1E12CD0F2A87EFD30016B8A0 /* Assets.xcassets */; };
		1E12CD132A87EFD30016B8A0 /* Preview Assets.xcassets in Resources */ = {isa = PBXBuildFile; fileRef = 1E12CD122A87EFD30016B8A0 /* Preview Assets.xcassets */; };
		1E12CD1A2A8911110016B8A0 /* CircleImage.swift in Sources */ = {isa = PBXBuildFile; fileRef = 1E12CD192A8911110016B8A0 /* CircleImage.swift */; };
		1E12CD1C2A8918750016B8A0 /* MapView.swift in Sources */ = {isa = PBXBuildFile; fileRef = 1E12CD1B2A8918750016B8A0 /* MapView.swift */; };
		1E69A53A2A9108980063D582 /* HexagonParameters.swift in Sources */ = {isa = PBXBuildFile; fileRef = 1E69A5392A9108980063D582 /* HexagonParameters.swift */; };
		1E69A53C2A910A7A0063D582 /* BadgeBackground.swift in Sources */ = {isa = PBXBuildFile; fileRef = 1E69A53B2A910A7A0063D582 /* BadgeBackground.swift */; };
		1E69A53E2A910DB20063D582 /* BadgeSymbol.swift in Sources */ = {isa = PBXBuildFile; fileRef = 1E69A53D2A910DB20063D582 /* BadgeSymbol.swift */; };
		1E69A5402A910E410063D582 /* RotatedBadgeSymbol.swift in Sources */ = {isa = PBXBuildFile; fileRef = 1E69A53F2A910E410063D582 /* RotatedBadgeSymbol.swift */; };
		1E69A5422A911FA30063D582 /* Badge.swift in Sources */ = {isa = PBXBuildFile; fileRef = 1E69A5412A911FA30063D582 /* Badge.swift */; };
		1E8C97912A8D135F00803B8B /* FavoriteButton.swift in Sources */ = {isa = PBXBuildFile; fileRef = 1E8C97902A8D135F00803B8B /* FavoriteButton.swift */; };
		1EDFE9D22A8BBC9500BEF229 /* landmarkData.json in Resources */ = {isa = PBXBuildFile; fileRef = 1EDFE9D12A8BBC9500BEF229 /* landmarkData.json */; };
		1EDFE9D42A8BBCD600BEF229 /* Landmark.swift in Sources */ = {isa = PBXBuildFile; fileRef = 1EDFE9D32A8BBCD600BEF229 /* Landmark.swift */; };
		1EDFE9D62A8BBE1C00BEF229 /* ModelData.swift in Sources */ = {isa = PBXBuildFile; fileRef = 1EDFE9D52A8BBE1C00BEF229 /* ModelData.swift */; };
		1EDFE9DC2A8BBFF200BEF229 /* LandmarkRow.swift in Sources */ = {isa = PBXBuildFile; fileRef = 1EDFE9DB2A8BBFF200BEF229 /* LandmarkRow.swift */; };
		1EDFE9DE2A8BC2E000BEF229 /* LandmarkList.swift in Sources */ = {isa = PBXBuildFile; fileRef = 1EDFE9DD2A8BC2E000BEF229 /* LandmarkList.swift */; };
		1EDFE9E02A8BC4B300BEF229 /* LandmarkDetail.swift in Sources */ = {isa = PBXBuildFile; fileRef = 1EDFE9DF2A8BC4B300BEF229 /* LandmarkDetail.swift */; };
		1EFDBE912A9A3ADB0021E6C2 /* hikeData.json in Resources */ = {isa = PBXBuildFile; fileRef = 1EFDBE902A9A3ADB0021E6C2 /* hikeData.json */; };
		1EFDBE932A9A3AF70021E6C2 /* Hike.swift in Sources */ = {isa = PBXBuildFile; fileRef = 1EFDBE922A9A3AF70021E6C2 /* Hike.swift */; };
		1EFDBE992A9A3B5E0021E6C2 /* GraphCapsule.swift in Sources */ = {isa = PBXBuildFile; fileRef = 1EFDBE952A9A3B5E0021E6C2 /* GraphCapsule.swift */; };
		1EFDBE9A2A9A3B5E0021E6C2 /* HikeGraph.swift in Sources */ = {isa = PBXBuildFile; fileRef = 1EFDBE962A9A3B5E0021E6C2 /* HikeGraph.swift */; };
		1EFDBE9B2A9A3B5E0021E6C2 /* HikeDetail.swift in Sources */ = {isa = PBXBuildFile; fileRef = 1EFDBE972A9A3B5E0021E6C2 /* HikeDetail.swift */; };
		1EFDBE9C2A9A3B5E0021E6C2 /* HikeView.swift in Sources */ = {isa = PBXBuildFile; fileRef = 1EFDBE982A9A3B5E0021E6C2 /* HikeView.swift */; };
/* End PBXBuildFile section */

/* Begin PBXFileReference section */
		1E0E2E662A9AFFDA0046D6B9 /* CategoryHome.swift */ = {isa = PBXFileReference; lastKnownFileType = sourcecode.swift; path = CategoryHome.swift; sourceTree = "<group>"; };
		1E12CD082A87EFD10016B8A0 /* Landmarks.app */ = {isa = PBXFileReference; explicitFileType = wrapper.application; includeInIndex = 0; path = Landmarks.app; sourceTree = BUILT_PRODUCTS_DIR; };
		1E12CD0B2A87EFD10016B8A0 /* LandmarksApp.swift */ = {isa = PBXFileReference; lastKnownFileType = sourcecode.swift; path = LandmarksApp.swift; sourceTree = "<group>"; };
		1E12CD0D2A87EFD10016B8A0 /* ContentView.swift */ = {isa = PBXFileReference; lastKnownFileType = sourcecode.swift; path = ContentView.swift; sourceTree = "<group>"; };
		1E12CD0F2A87EFD30016B8A0 /* Assets.xcassets */ = {isa = PBXFileReference; lastKnownFileType = folder.assetcatalog; path = Assets.xcassets; sourceTree = "<group>"; };
		1E12CD122A87EFD30016B8A0 /* Preview Assets.xcassets */ = {isa = PBXFileReference; lastKnownFileType = folder.assetcatalog; path = "Preview Assets.xcassets"; sourceTree = "<group>"; };
		1E12CD192A8911110016B8A0 /* CircleImage.swift */ = {isa = PBXFileReference; lastKnownFileType = sourcecode.swift; path = CircleImage.swift; sourceTree = "<group>"; };
		1E12CD1B2A8918750016B8A0 /* MapView.swift */ = {isa = PBXFileReference; lastKnownFileType = sourcecode.swift; path = MapView.swift; sourceTree = "<group>"; };
		1E69A5392A9108980063D582 /* HexagonParameters.swift */ = {isa = PBXFileReference; lastKnownFileType = sourcecode.swift; path = HexagonParameters.swift; sourceTree = "<group>"; };
		1E69A53B2A910A7A0063D582 /* BadgeBackground.swift */ = {isa = PBXFileReference; lastKnownFileType = sourcecode.swift; path = BadgeBackground.swift; sourceTree = "<group>"; };
		1E69A53D2A910DB20063D582 /* BadgeSymbol.swift */ = {isa = PBXFileReference; lastKnownFileType = sourcecode.swift; path = BadgeSymbol.swift; sourceTree = "<group>"; };
		1E69A53F2A910E410063D582 /* RotatedBadgeSymbol.swift */ = {isa = PBXFileReference; lastKnownFileType = sourcecode.swift; path = RotatedBadgeSymbol.swift; sourceTree = "<group>"; };
		1E69A5412A911FA30063D582 /* Badge.swift */ = {isa = PBXFileReference; lastKnownFileType = sourcecode.swift; path = Badge.swift; sourceTree = "<group>"; };
		1E8C97902A8D135F00803B8B /* FavoriteButton.swift */ = {isa = PBXFileReference; lastKnownFileType = sourcecode.swift; path = FavoriteButton.swift; sourceTree = "<group>"; };
		1EDFE9D12A8BBC9500BEF229 /* landmarkData.json */ = {isa = PBXFileReference; fileEncoding = 4; lastKnownFileType = text.json; path = landmarkData.json; sourceTree = "<group>"; };
		1EDFE9D32A8BBCD600BEF229 /* Landmark.swift */ = {isa = PBXFileReference; lastKnownFileType = sourcecode.swift; path = Landmark.swift; sourceTree = "<group>"; };
		1EDFE9D52A8BBE1C00BEF229 /* ModelData.swift */ = {isa = PBXFileReference; lastKnownFileType = sourcecode.swift; path = ModelData.swift; sourceTree = "<group>"; };
		1EDFE9DB2A8BBFF200BEF229 /* LandmarkRow.swift */ = {isa = PBXFileReference; lastKnownFileType = sourcecode.swift; path = LandmarkRow.swift; sourceTree = "<group>"; };
		1EDFE9DD2A8BC2E000BEF229 /* LandmarkList.swift */ = {isa = PBXFileReference; lastKnownFileType = sourcecode.swift; path = LandmarkList.swift; sourceTree = "<group>"; };
		1EDFE9DF2A8BC4B300BEF229 /* LandmarkDetail.swift */ = {isa = PBXFileReference; lastKnownFileType = sourcecode.swift; path = LandmarkDetail.swift; sourceTree = "<group>"; };
		1EFDBE902A9A3ADB0021E6C2 /* hikeData.json */ = {isa = PBXFileReference; fileEncoding = 4; lastKnownFileType = text.json; path = hikeData.json; sourceTree = "<group>"; };
		1EFDBE922A9A3AF70021E6C2 /* Hike.swift */ = {isa = PBXFileReference; lastKnownFileType = sourcecode.swift; path = Hike.swift; sourceTree = "<group>"; };
		1EFDBE952A9A3B5E0021E6C2 /* GraphCapsule.swift */ = {isa = PBXFileReference; fileEncoding = 4; lastKnownFileType = sourcecode.swift; path = GraphCapsule.swift; sourceTree = "<group>"; };
		1EFDBE962A9A3B5E0021E6C2 /* HikeGraph.swift */ = {isa = PBXFileReference; fileEncoding = 4; lastKnownFileType = sourcecode.swift; path = HikeGraph.swift; sourceTree = "<group>"; };
		1EFDBE972A9A3B5E0021E6C2 /* HikeDetail.swift */ = {isa = PBXFileReference; fileEncoding = 4; lastKnownFileType = sourcecode.swift; path = HikeDetail.swift; sourceTree = "<group>"; };
		1EFDBE982A9A3B5E0021E6C2 /* HikeView.swift */ = {isa = PBXFileReference; fileEncoding = 4; lastKnownFileType = sourcecode.swift; path = HikeView.swift; sourceTree = "<group>"; };
/* End PBXFileReference section */

/* Begin PBXFrameworksBuildPhase section */
		1E12CD052A87EFD10016B8A0 /* Frameworks */ = {
			isa = PBXFrameworksBuildPhase;
			buildActionMask = 2147483647;
			files = (
			);
			runOnlyForDeploymentPostprocessing = 0;
		};
/* End PBXFrameworksBuildPhase section */

/* Begin PBXGroup section */
		1E0E2E652A9AFFAF0046D6B9 /* Categories */ = {
			isa = PBXGroup;
			children = (
				1E0E2E662A9AFFDA0046D6B9 /* CategoryHome.swift */,
			);
			path = Categories;
			sourceTree = "<group>";
		};
		1E12CCFF2A87EFD10016B8A0 = {
			isa = PBXGroup;
			children = (
				1E12CD0A2A87EFD10016B8A0 /* Landmarks */,
				1E12CD092A87EFD10016B8A0 /* Products */,
			);
			sourceTree = "<group>";
		};
		1E12CD092A87EFD10016B8A0 /* Products */ = {
			isa = PBXGroup;
			children = (
				1E12CD082A87EFD10016B8A0 /* Landmarks.app */,
			);
			name = Products;
			sourceTree = "<group>";
		};
		1E12CD0A2A87EFD10016B8A0 /* Landmarks */ = {
			isa = PBXGroup;
			children = (
				1E0E2E652A9AFFAF0046D6B9 /* Categories */,
				1E12CD0B2A87EFD10016B8A0 /* LandmarksApp.swift */,
				1EDFE9D82A8BBE5900BEF229 /* Model */,
				1EDFE9D72A8BBE3E00BEF229 /* Views */,
				1EDFE9D02A8BBC9500BEF229 /* Resources */,
				1E12CD0F2A87EFD30016B8A0 /* Assets.xcassets */,
				1E12CD112A87EFD30016B8A0 /* Preview Content */,
			);
			path = Landmarks;
			sourceTree = "<group>";
		};
		1E12CD112A87EFD30016B8A0 /* Preview Content */ = {
			isa = PBXGroup;
			children = (
				1E12CD122A87EFD30016B8A0 /* Preview Assets.xcassets */,
			);
			path = "Preview Content";
			sourceTree = "<group>";
		};
		1E69A5432A9120B30063D582 /* Badges */ = {
			isa = PBXGroup;
			children = (
				1E69A5392A9108980063D582 /* HexagonParameters.swift */,
				1E69A53D2A910DB20063D582 /* BadgeSymbol.swift */,
				1E69A53F2A910E410063D582 /* RotatedBadgeSymbol.swift */,
				1E69A5412A911FA30063D582 /* Badge.swift */,
				1E69A53B2A910A7A0063D582 /* BadgeBackground.swift */,
			);
			path = Badges;
			sourceTree = "<group>";
		};
		1E8C97922A8D144D00803B8B /* Landmarks */ = {
			isa = PBXGroup;
			children = (
				1EDFE9DB2A8BBFF200BEF229 /* LandmarkRow.swift */,
				1EDFE9DD2A8BC2E000BEF229 /* LandmarkList.swift */,
				1EDFE9DF2A8BC4B300BEF229 /* LandmarkDetail.swift */,
			);
			path = Landmarks;
			sourceTree = "<group>";
		};
		1E8C97932A8D145A00803B8B /* Helpers */ = {
			isa = PBXGroup;
			children = (
				1E12CD192A8911110016B8A0 /* CircleImage.swift */,
				1E12CD1B2A8918750016B8A0 /* MapView.swift */,
				1E8C97902A8D135F00803B8B /* FavoriteButton.swift */,
			);
			path = Helpers;
			sourceTree = "<group>";
		};
		1EDFE9D02A8BBC9500BEF229 /* Resources */ = {
			isa = PBXGroup;
			children = (
				1EFDBE942A9A3B5E0021E6C2 /* Hikes */,
				1EFDBE902A9A3ADB0021E6C2 /* hikeData.json */,
				1EDFE9D12A8BBC9500BEF229 /* landmarkData.json */,
			);
			path = Resources;
			sourceTree = "<group>";
		};
		1EDFE9D72A8BBE3E00BEF229 /* Views */ = {
			isa = PBXGroup;
			children = (
				1E12CD0D2A87EFD10016B8A0 /* ContentView.swift */,
				1E8C97932A8D145A00803B8B /* Helpers */,
				1E8C97922A8D144D00803B8B /* Landmarks */,
				1E69A5432A9120B30063D582 /* Badges */,
			);
			path = Views;
			sourceTree = "<group>";
		};
		1EDFE9D82A8BBE5900BEF229 /* Model */ = {
			isa = PBXGroup;
			children = (
				1EDFE9D32A8BBCD600BEF229 /* Landmark.swift */,
				1EDFE9D52A8BBE1C00BEF229 /* ModelData.swift */,
				1EFDBE922A9A3AF70021E6C2 /* Hike.swift */,
			);
			path = Model;
			sourceTree = "<group>";
		};
		1EFDBE942A9A3B5E0021E6C2 /* Hikes */ = {
			isa = PBXGroup;
			children = (
				1EFDBE952A9A3B5E0021E6C2 /* GraphCapsule.swift */,
				1EFDBE962A9A3B5E0021E6C2 /* HikeGraph.swift */,
				1EFDBE972A9A3B5E0021E6C2 /* HikeDetail.swift */,
				1EFDBE982A9A3B5E0021E6C2 /* HikeView.swift */,
			);
			path = Hikes;
			sourceTree = "<group>";
		};
/* End PBXGroup section */

/* Begin PBXNativeTarget section */
		1E12CD072A87EFD10016B8A0 /* Landmarks */ = {
			isa = PBXNativeTarget;
			buildConfigurationList = 1E12CD162A87EFD30016B8A0 /* Build configuration list for PBXNativeTarget "Landmarks" */;
			buildPhases = (
				1E12CD042A87EFD10016B8A0 /* Sources */,
				1E12CD052A87EFD10016B8A0 /* Frameworks */,
				1E12CD062A87EFD10016B8A0 /* Resources */,
			);
			buildRules = (
			);
			dependencies = (
			);
			name = Landmarks;
			productName = Landmarks;
			productReference = 1E12CD082A87EFD10016B8A0 /* Landmarks.app */;
			productType = "com.apple.product-type.application";
		};
/* End PBXNativeTarget section */

/* Begin PBXProject section */
		1E12CD002A87EFD10016B8A0 /* Project object */ = {
			isa = PBXProject;
			attributes = {
				BuildIndependentTargetsInParallel = 1;
				LastSwiftUpdateCheck = 1430;
				LastUpgradeCheck = 1430;
				TargetAttributes = {
					1E12CD072A87EFD10016B8A0 = {
						CreatedOnToolsVersion = 14.3;
					};
				};
			};
			buildConfigurationList = 1E12CD032A87EFD10016B8A0 /* Build configuration list for PBXProject "Landmarks" */;
			compatibilityVersion = "Xcode 14.0";
			developmentRegion = en;
			hasScannedForEncodings = 0;
			knownRegions = (
				en,
				Base,
			);
			mainGroup = 1E12CCFF2A87EFD10016B8A0;
			productRefGroup = 1E12CD092A87EFD10016B8A0 /* Products */;
			projectDirPath = "";
			projectRoot = "";
			targets = (
				1E12CD072A87EFD10016B8A0 /* Landmarks */,
			);
		};
/* End PBXProject section */

/* Begin PBXResourcesBuildPhase section */
		1E12CD062A87EFD10016B8A0 /* Resources */ = {
			isa = PBXResourcesBuildPhase;
			buildActionMask = 2147483647;
			files = (
				1EFDBE912A9A3ADB0021E6C2 /* hikeData.json in Resources */,
				1E12CD132A87EFD30016B8A0 /* Preview Assets.xcassets in Resources */,
				1E12CD102A87EFD30016B8A0 /* Assets.xcassets in Resources */,
				1EDFE9D22A8BBC9500BEF229 /* landmarkData.json in Resources */,
			);
			runOnlyForDeploymentPostprocessing = 0;
		};
/* End PBXResourcesBuildPhase section */

/* Begin PBXSourcesBuildPhase section */
		1E12CD042A87EFD10016B8A0 /* Sources */ = {
			isa = PBXSourcesBuildPhase;
			buildActionMask = 2147483647;
			files = (
				1E12CD0E2A87EFD10016B8A0 /* ContentView.swift in Sources */,
				1E0E2E672A9AFFDA0046D6B9 /* CategoryHome.swift in Sources */,
				1EFDBE9A2A9A3B5E0021E6C2 /* HikeGraph.swift in Sources */,
				1E69A5422A911FA30063D582 /* Badge.swift in Sources */,
				1E12CD1C2A8918750016B8A0 /* MapView.swift in Sources */,
				1EFDBE992A9A3B5E0021E6C2 /* GraphCapsule.swift in Sources */,
				1E69A53C2A910A7A0063D582 /* BadgeBackground.swift in Sources */,
				1E12CD0C2A87EFD10016B8A0 /* LandmarksApp.swift in Sources */,
				1EFDBE9B2A9A3B5E0021E6C2 /* HikeDetail.swift in Sources */,
				1E8C97912A8D135F00803B8B /* FavoriteButton.swift in Sources */,
				1EFDBE932A9A3AF70021E6C2 /* Hike.swift in Sources */,
				1E69A5402A910E410063D582 /* RotatedBadgeSymbol.swift in Sources */,
				1E69A53E2A910DB20063D582 /* BadgeSymbol.swift in Sources */,
				1E69A53A2A9108980063D582 /* HexagonParameters.swift in Sources */,
				1EFDBE9C2A9A3B5E0021E6C2 /* HikeView.swift in Sources */,
				1EDFE9DE2A8BC2E000BEF229 /* LandmarkList.swift in Sources */,
				1EDFE9E02A8BC4B300BEF229 /* LandmarkDetail.swift in Sources */,
				1E12CD1A2A8911110016B8A0 /* CircleImage.swift in Sources */,
				1EDFE9D42A8BBCD600BEF229 /* Landmark.swift in Sources */,
				1EDFE9DC2A8BBFF200BEF229 /* LandmarkRow.swift in Sources */,
				1EDFE9D62A8BBE1C00BEF229 /* ModelData.swift in Sources */,
			);
			runOnlyForDeploymentPostprocessing = 0;
		};
/* End PBXSourcesBuildPhase section */

/* Begin XCBuildConfiguration section */
		1E12CD142A87EFD30016B8A0 /* Debug */ = {
			isa = XCBuildConfiguration;
			buildSettings = {
				ALWAYS_SEARCH_USER_PATHS = NO;
				CLANG_ANALYZER_NONNULL = YES;
				CLANG_ANALYZER_NUMBER_OBJECT_CONVERSION = YES_AGGRESSIVE;
				CLANG_CXX_LANGUAGE_STANDARD = "gnu++20";
				CLANG_ENABLE_MODULES = YES;
				CLANG_ENABLE_OBJC_ARC = YES;
				CLANG_ENABLE_OBJC_WEAK = YES;
				CLANG_WARN_BLOCK_CAPTURE_AUTORELEASING = YES;
				CLANG_WARN_BOOL_CONVERSION = YES;
				CLANG_WARN_COMMA = YES;
				CLANG_WARN_CONSTANT_CONVERSION = YES;
				CLANG_WARN_DEPRECATED_OBJC_IMPLEMENTATIONS = YES;
				CLANG_WARN_DIRECT_OBJC_ISA_USAGE = YES_ERROR;
				CLANG_WARN_DOCUMENTATION_COMMENTS = YES;
				CLANG_WARN_EMPTY_BODY = YES;
				CLANG_WARN_ENUM_CONVERSION = YES;
				CLANG_WARN_INFINITE_RECURSION = YES;
				CLANG_WARN_INT_CONVERSION = YES;
				CLANG_WARN_NON_LITERAL_NULL_CONVERSION = YES;
				CLANG_WARN_OBJC_IMPLICIT_RETAIN_SELF = YES;
				CLANG_WARN_OBJC_LITERAL_CONVERSION = YES;
				CLANG_WARN_OBJC_ROOT_CLASS = YES_ERROR;
				CLANG_WARN_QUOTED_INCLUDE_IN_FRAMEWORK_HEADER = YES;
				CLANG_WARN_RANGE_LOOP_ANALYSIS = YES;
				CLANG_WARN_STRICT_PROTOTYPES = YES;
				CLANG_WARN_SUSPICIOUS_MOVE = YES;
				CLANG_WARN_UNGUARDED_AVAILABILITY = YES_AGGRESSIVE;
				CLANG_WARN_UNREACHABLE_CODE = YES;
				CLANG_WARN__DUPLICATE_METHOD_MATCH = YES;
				COPY_PHASE_STRIP = NO;
				DEBUG_INFORMATION_FORMAT = dwarf;
				ENABLE_STRICT_OBJC_MSGSEND = YES;
				ENABLE_TESTABILITY = YES;
				GCC_C_LANGUAGE_STANDARD = gnu11;
				GCC_DYNAMIC_NO_PIC = NO;
				GCC_NO_COMMON_BLOCKS = YES;
				GCC_OPTIMIZATION_LEVEL = 0;
				GCC_PREPROCESSOR_DEFINITIONS = (
					"DEBUG=1",
					"$(inherited)",
				);
				GCC_WARN_64_TO_32_BIT_CONVERSION = YES;
				GCC_WARN_ABOUT_RETURN_TYPE = YES_ERROR;
				GCC_WARN_UNDECLARED_SELECTOR = YES;
				GCC_WARN_UNINITIALIZED_AUTOS = YES_AGGRESSIVE;
				GCC_WARN_UNUSED_FUNCTION = YES;
				GCC_WARN_UNUSED_VARIABLE = YES;
				IPHONEOS_DEPLOYMENT_TARGET = 16.4;
				MTL_ENABLE_DEBUG_INFO = INCLUDE_SOURCE;
				MTL_FAST_MATH = YES;
				ONLY_ACTIVE_ARCH = YES;
				SDKROOT = iphoneos;
				SWIFT_ACTIVE_COMPILATION_CONDITIONS = DEBUG;
				SWIFT_OPTIMIZATION_LEVEL = "-Onone";
			};
			name = Debug;
		};
		1E12CD152A87EFD30016B8A0 /* Release */ = {
			isa = XCBuildConfiguration;
			buildSettings = {
				ALWAYS_SEARCH_USER_PATHS = NO;
				CLANG_ANALYZER_NONNULL = YES;
				CLANG_ANALYZER_NUMBER_OBJECT_CONVERSION = YES_AGGRESSIVE;
				CLANG_CXX_LANGUAGE_STANDARD = "gnu++20";
				CLANG_ENABLE_MODULES = YES;
				CLANG_ENABLE_OBJC_ARC = YES;
				CLANG_ENABLE_OBJC_WEAK = YES;
				CLANG_WARN_BLOCK_CAPTURE_AUTORELEASING = YES;
				CLANG_WARN_BOOL_CONVERSION = YES;
				CLANG_WARN_COMMA = YES;
				CLANG_WARN_CONSTANT_CONVERSION = YES;
				CLANG_WARN_DEPRECATED_OBJC_IMPLEMENTATIONS = YES;
				CLANG_WARN_DIRECT_OBJC_ISA_USAGE = YES_ERROR;
				CLANG_WARN_DOCUMENTATION_COMMENTS = YES;
				CLANG_WARN_EMPTY_BODY = YES;
				CLANG_WARN_ENUM_CONVERSION = YES;
				CLANG_WARN_INFINITE_RECURSION = YES;
				CLANG_WARN_INT_CONVERSION = YES;
				CLANG_WARN_NON_LITERAL_NULL_CONVERSION = YES;
				CLANG_WARN_OBJC_IMPLICIT_RETAIN_SELF = YES;
				CLANG_WARN_OBJC_LITERAL_CONVERSION = YES;
				CLANG_WARN_OBJC_ROOT_CLASS = YES_ERROR;
				CLANG_WARN_QUOTED_INCLUDE_IN_FRAMEWORK_HEADER = YES;
				CLANG_WARN_RANGE_LOOP_ANALYSIS = YES;
				CLANG_WARN_STRICT_PROTOTYPES = YES;
				CLANG_WARN_SUSPICIOUS_MOVE = YES;
				CLANG_WARN_UNGUARDED_AVAILABILITY = YES_AGGRESSIVE;
				CLANG_WARN_UNREACHABLE_CODE = YES;
				CLANG_WARN__DUPLICATE_METHOD_MATCH = YES;
				COPY_PHASE_STRIP = NO;
				DEBUG_INFORMATION_FORMAT = "dwarf-with-dsym";
				ENABLE_NS_ASSERTIONS = NO;
				ENABLE_STRICT_OBJC_MSGSEND = YES;
				GCC_C_LANGUAGE_STANDARD = gnu11;
				GCC_NO_COMMON_BLOCKS = YES;
				GCC_WARN_64_TO_32_BIT_CONVERSION = YES;
				GCC_WARN_ABOUT_RETURN_TYPE = YES_ERROR;
				GCC_WARN_UNDECLARED_SELECTOR = YES;
				GCC_WARN_UNINITIALIZED_AUTOS = YES_AGGRESSIVE;
				GCC_WARN_UNUSED_FUNCTION = YES;
				GCC_WARN_UNUSED_VARIABLE = YES;
				IPHONEOS_DEPLOYMENT_TARGET = 16.4;
				MTL_ENABLE_DEBUG_INFO = NO;
				MTL_FAST_MATH = YES;
				SDKROOT = iphoneos;
				SWIFT_COMPILATION_MODE = wholemodule;
				SWIFT_OPTIMIZATION_LEVEL = "-O";
				VALIDATE_PRODUCT = YES;
			};
			name = Release;
		};
		1E12CD172A87EFD30016B8A0 /* Debug */ = {
			isa = XCBuildConfiguration;
			buildSettings = {
				ASSETCATALOG_COMPILER_APPICON_NAME = AppIcon;
				ASSETCATALOG_COMPILER_GLOBAL_ACCENT_COLOR_NAME = AccentColor;
				CODE_SIGN_STYLE = Automatic;
				CURRENT_PROJECT_VERSION = 1;
				DEVELOPMENT_ASSET_PATHS = "\"Landmarks/Preview Content\"";
				ENABLE_PREVIEWS = YES;
				GENERATE_INFOPLIST_FILE = YES;
				INFOPLIST_KEY_UIApplicationSceneManifest_Generation = YES;
				INFOPLIST_KEY_UIApplicationSupportsIndirectInputEvents = YES;
				INFOPLIST_KEY_UILaunchScreen_Generation = YES;
				INFOPLIST_KEY_UISupportedInterfaceOrientations_iPad = "UIInterfaceOrientationPortrait UIInterfaceOrientationPortraitUpsideDown UIInterfaceOrientationLandscapeLeft UIInterfaceOrientationLandscapeRight";
				INFOPLIST_KEY_UISupportedInterfaceOrientations_iPhone = "UIInterfaceOrientationPortrait UIInterfaceOrientationLandscapeLeft UIInterfaceOrientationLandscapeRight";
				LD_RUNPATH_SEARCH_PATHS = (
					"$(inherited)",
					"@executable_path/Frameworks",
				);
				MARKETING_VERSION = 1.0;
				PRODUCT_BUNDLE_IDENTIFIER = HongzCloud.Landmarks;
				PRODUCT_NAME = "$(TARGET_NAME)";
				SWIFT_EMIT_LOC_STRINGS = YES;
				SWIFT_VERSION = 5.0;
				TARGETED_DEVICE_FAMILY = "1,2";
			};
			name = Debug;
		};
		1E12CD182A87EFD30016B8A0 /* Release */ = {
			isa = XCBuildConfiguration;
			buildSettings = {
				ASSETCATALOG_COMPILER_APPICON_NAME = AppIcon;
				ASSETCATALOG_COMPILER_GLOBAL_ACCENT_COLOR_NAME = AccentColor;
				CODE_SIGN_STYLE = Automatic;
				CURRENT_PROJECT_VERSION = 1;
				DEVELOPMENT_ASSET_PATHS = "\"Landmarks/Preview Content\"";
				ENABLE_PREVIEWS = YES;
				GENERATE_INFOPLIST_FILE = YES;
				INFOPLIST_KEY_UIApplicationSceneManifest_Generation = YES;
				INFOPLIST_KEY_UIApplicationSupportsIndirectInputEvents = YES;
				INFOPLIST_KEY_UILaunchScreen_Generation = YES;
				INFOPLIST_KEY_UISupportedInterfaceOrientations_iPad = "UIInterfaceOrientationPortrait UIInterfaceOrientationPortraitUpsideDown UIInterfaceOrientationLandscapeLeft UIInterfaceOrientationLandscapeRight";
				INFOPLIST_KEY_UISupportedInterfaceOrientations_iPhone = "UIInterfaceOrientationPortrait UIInterfaceOrientationLandscapeLeft UIInterfaceOrientationLandscapeRight";
				LD_RUNPATH_SEARCH_PATHS = (
					"$(inherited)",
					"@executable_path/Frameworks",
				);
				MARKETING_VERSION = 1.0;
				PRODUCT_BUNDLE_IDENTIFIER = HongzCloud.Landmarks;
				PRODUCT_NAME = "$(TARGET_NAME)";
				SWIFT_EMIT_LOC_STRINGS = YES;
				SWIFT_VERSION = 5.0;
				TARGETED_DEVICE_FAMILY = "1,2";
			};
			name = Release;
		};
/* End XCBuildConfiguration section */

/* Begin XCConfigurationList section */
		1E12CD032A87EFD10016B8A0 /* Build configuration list for PBXProject "Landmarks" */ = {
			isa = XCConfigurationList;
			buildConfigurations = (
				1E12CD142A87EFD30016B8A0 /* Debug */,
				1E12CD152A87EFD30016B8A0 /* Release */,
			);
			defaultConfigurationIsVisible = 0;
			defaultConfigurationName = Release;
		};
		1E12CD162A87EFD30016B8A0 /* Build configuration list for PBXNativeTarget "Landmarks" */ = {
			isa = XCConfigurationList;
			buildConfigurations = (
				1E12CD172A87EFD30016B8A0 /* Debug */,
				1E12CD182A87EFD30016B8A0 /* Release */,
			);
			defaultConfigurationIsVisible = 0;
			defaultConfigurationName = Release;
		};
/* End XCConfigurationList section */
	};
	rootObject = 1E12CD002A87EFD10016B8A0 /* Project object */;
}
